
Microsoft Visual Studio Solution File, Format Version 12.00
# Visual Studio Version 17
VisualStudioVersion = 17.8.34316.72
MinimumVisualStudioVersion = 10.0.40219.1
Project("{FAE04EC0-301F-11D3-BF4B-00C04F79EFBC}") = "Calculate", "Calculate\Calculate.csproj", "{2AD63B8E-3451-4C86-9226-3193DFBC389E}"
EndProject
Global
	GlobalSection(SolutionConfigurationPlatforms) = preSolution
		Debug|Any CPU = Debug|Any CPU
		Release|Any CPU = Release|Any CPU
	EndGlobalSection
	GlobalSection(ProjectConfigurationPlatforms) = postSolution
		{2AD63B8E-3451-4C86-9226-3193DFBC389E}.Debug|Any CPU.ActiveCfg = Debug|Any CPU
		{2AD63B8E-3451-4C86-9226-3193DFBC389E}.Debug|Any CPU.Build.0 = Debug|Any CPU
		{2AD63B8E-3451-4C86-9226-3193DFBC389E}.Release|Any CPU.ActiveCfg = Release|Any CPU
		{2AD63B8E-3451-4C86-9226-3193DFBC389E}.Release|Any CPU.Build.0 = Release|Any CPU
	EndGlobalSection
	GlobalSection(SolutionProperties) = preSolution
		HideSolutionNode = FALSE
	EndGlobalSection
	GlobalSection(ExtensibilityGlobals) = postSolution
		SolutionGuid = {23400894-8C01-4CA6-85EB-CEB27ADF2A5C}
	EndGlobalSection
EndGlobal
